
Microsoft Visual Studio Solution File, Format Version 12.00
# Visual Studio Version 17
VisualStudioVersion = 17.2.32630.192
MinimumVisualStudioVersion = 10.0.40219.1
Project("{9A19103F-16F7-4668-BE54-9A1E7A4F7556}") = "IncomeExpenseTracker", "IncomeExpenseTracker\IncomeExpenseTracker.csproj", "{10A714A0-C48C-468E-96B8-B60549B82523}"
EndProject
Project("{2150E333-8FDC-42A3-9474-1A3956D46DE8}") = "src", "src", "{24A0CD71-7712-4D2D-B3EE-AC64C474984E}"
EndProject
Project("{2150E333-8FDC-42A3-9474-1A3956D46DE8}") = "Core", "Core", "{BC56B2DF-8256-44E9-803B-22785CBCC4B2}"
EndProject
Project("{2150E333-8FDC-42A3-9474-1A3956D46DE8}") = "Infrastructure", "Infrastructure", "{2ED5B8B6-337C-430E-8C1C-6E36950E6890}"
EndProject
Project("{2150E333-8FDC-42A3-9474-1A3956D46DE8}") = "UI", "UI", "{1D0BE1FA-9D63-461C-B283-BF21C0CB92A6}"
EndProject
Project("{9A19103F-16F7-4668-BE54-9A1E7A4F7556}") = "IncomeExpenseTracker.Domain", "IncomeExpenseTracker.Core\IncomeExpenseTracker.Domain.csproj", "{DBF2F65D-04FC-4039-A64A-0C173A6B0848}"
EndProject
Project("{9A19103F-16F7-4668-BE54-9A1E7A4F7556}") = "IncomeExpenseTracker.Application", "IncomeExpenseTracker.Application\IncomeExpenseTracker.Application.csproj", "{2B614E62-7C8A-4A5D-A694-D4CFAA6FD81F}"
EndProject
Global
	GlobalSection(SolutionConfigurationPlatforms) = preSolution
		Debug|Any CPU = Debug|Any CPU
		Release|Any CPU = Release|Any CPU
	EndGlobalSection
	GlobalSection(ProjectConfigurationPlatforms) = postSolution
		{10A714A0-C48C-468E-96B8-B60549B82523}.Debug|Any CPU.ActiveCfg = Debug|Any CPU
		{10A714A0-C48C-468E-96B8-B60549B82523}.Debug|Any CPU.Build.0 = Debug|Any CPU
		{10A714A0-C48C-468E-96B8-B60549B82523}.Release|Any CPU.ActiveCfg = Release|Any CPU
		{10A714A0-C48C-468E-96B8-B60549B82523}.Release|Any CPU.Build.0 = Release|Any CPU
		{DBF2F65D-04FC-4039-A64A-0C173A6B0848}.Debug|Any CPU.ActiveCfg = Debug|Any CPU
		{DBF2F65D-04FC-4039-A64A-0C173A6B0848}.Debug|Any CPU.Build.0 = Debug|Any CPU
		{DBF2F65D-04FC-4039-A64A-0C173A6B0848}.Release|Any CPU.ActiveCfg = Release|Any CPU
		{DBF2F65D-04FC-4039-A64A-0C173A6B0848}.Release|Any CPU.Build.0 = Release|Any CPU
		{2B614E62-7C8A-4A5D-A694-D4CFAA6FD81F}.Debug|Any CPU.ActiveCfg = Debug|Any CPU
		{2B614E62-7C8A-4A5D-A694-D4CFAA6FD81F}.Debug|Any CPU.Build.0 = Debug|Any CPU
		{2B614E62-7C8A-4A5D-A694-D4CFAA6FD81F}.Release|Any CPU.ActiveCfg = Release|Any CPU
		{2B614E62-7C8A-4A5D-A694-D4CFAA6FD81F}.Release|Any CPU.Build.0 = Release|Any CPU
	EndGlobalSection
	GlobalSection(SolutionProperties) = preSolution
		HideSolutionNode = FALSE
	EndGlobalSection
	GlobalSection(NestedProjects) = preSolution
		{10A714A0-C48C-468E-96B8-B60549B82523} = {1D0BE1FA-9D63-461C-B283-BF21C0CB92A6}
		{BC56B2DF-8256-44E9-803B-22785CBCC4B2} = {24A0CD71-7712-4D2D-B3EE-AC64C474984E}
		{2ED5B8B6-337C-430E-8C1C-6E36950E6890} = {24A0CD71-7712-4D2D-B3EE-AC64C474984E}
		{1D0BE1FA-9D63-461C-B283-BF21C0CB92A6} = {24A0CD71-7712-4D2D-B3EE-AC64C474984E}
		{DBF2F65D-04FC-4039-A64A-0C173A6B0848} = {BC56B2DF-8256-44E9-803B-22785CBCC4B2}
		{2B614E62-7C8A-4A5D-A694-D4CFAA6FD81F} = {BC56B2DF-8256-44E9-803B-22785CBCC4B2}
	EndGlobalSection
	GlobalSection(ExtensibilityGlobals) = postSolution
		SolutionGuid = {1E21EF49-957E-4194-BAC4-CF707EAC6625}
	EndGlobalSection
EndGlobal
